
Microsoft Visual Studio Solution File, Format Version 12.00
# Visual Studio Version 17
VisualStudioVersion = 17.11.35219.272
MinimumVisualStudioVersion = 10.0.40219.1
Project("{FAE04EC0-301F-11D3-BF4B-00C04F79EFBC}") = "TP5_GRUPO_8", "TP5_GRUPO_8.csproj", "{EF467187-6472-4C96-B494-5F6FA3A44D20}"
EndProject
Global
	GlobalSection(SolutionConfigurationPlatforms) = preSolution
		Debug|Any CPU = Debug|Any CPU
		Release|Any CPU = Release|Any CPU
	EndGlobalSection
	GlobalSection(ProjectConfigurationPlatforms) = postSolution
		{EF467187-6472-4C96-B494-5F6FA3A44D20}.Debug|Any CPU.ActiveCfg = Debug|Any CPU
		{EF467187-6472-4C96-B494-5F6FA3A44D20}.Debug|Any CPU.Build.0 = Debug|Any CPU
		{EF467187-6472-4C96-B494-5F6FA3A44D20}.Release|Any CPU.ActiveCfg = Release|Any CPU
		{EF467187-6472-4C96-B494-5F6FA3A44D20}.Release|Any CPU.Build.0 = Release|Any CPU
	EndGlobalSection
	GlobalSection(SolutionProperties) = preSolution
		HideSolutionNode = FALSE
	EndGlobalSection
	GlobalSection(ExtensibilityGlobals) = postSolution
		SolutionGuid = {DA0182D6-4CEE-4C47-910C-7B61BE643009}
	EndGlobalSection
EndGlobal
